
Microsoft Visual Studio Solution File, Format Version 12.00
# Visual Studio Version 16
VisualStudioVersion = 16.0.31402.337
MinimumVisualStudioVersion = 10.0.40219.1
Project("{FAE04EC0-301F-11D3-BF4B-00C04F79EFBC}") = "AljenFormProject", "AljenFormProject\AljenFormProject.csproj", "{EB3792FB-BE88-4D5C-B634-046E97C3AFCB}"
EndProject
Global
	GlobalSection(SolutionConfigurationPlatforms) = preSolution
		Debug|Any CPU = Debug|Any CPU
		Release|Any CPU = Release|Any CPU
	EndGlobalSection
	GlobalSection(ProjectConfigurationPlatforms) = postSolution
		{EB3792FB-BE88-4D5C-B634-046E97C3AFCB}.Debug|Any CPU.ActiveCfg = Debug|Any CPU
		{EB3792FB-BE88-4D5C-B634-046E97C3AFCB}.Debug|Any CPU.Build.0 = Debug|Any CPU
		{EB3792FB-BE88-4D5C-B634-046E97C3AFCB}.Release|Any CPU.ActiveCfg = Release|Any CPU
		{EB3792FB-BE88-4D5C-B634-046E97C3AFCB}.Release|Any CPU.Build.0 = Release|Any CPU
	EndGlobalSection
	GlobalSection(SolutionProperties) = preSolution
		HideSolutionNode = FALSE
	EndGlobalSection
	GlobalSection(ExtensibilityGlobals) = postSolution
		SolutionGuid = {CCD4A2BB-409B-4294-9AB2-A40385D42BD8}
	EndGlobalSection
EndGlobal
